
Microsoft Visual Studio Solution File, Format Version 12.00
# Visual Studio Version 17
VisualStudioVersion = 17.3.32804.467
MinimumVisualStudioVersion = 10.0.40219.1
Project("{FAE04EC0-301F-11D3-BF4B-00C04F79EFBC}") = "BinTree", "BinTree\BinTree.csproj", "{22BBA170-39B0-4010-9FAF-4C0AD9729D4C}"
EndProject
Global
	GlobalSection(SolutionConfigurationPlatforms) = preSolution
		Debug|Any CPU = Debug|Any CPU
		Release|Any CPU = Release|Any CPU
	EndGlobalSection
	GlobalSection(ProjectConfigurationPlatforms) = postSolution
		{22BBA170-39B0-4010-9FAF-4C0AD9729D4C}.Debug|Any CPU.ActiveCfg = Debug|Any CPU
		{22BBA170-39B0-4010-9FAF-4C0AD9729D4C}.Debug|Any CPU.Build.0 = Debug|Any CPU
		{22BBA170-39B0-4010-9FAF-4C0AD9729D4C}.Release|Any CPU.ActiveCfg = Release|Any CPU
		{22BBA170-39B0-4010-9FAF-4C0AD9729D4C}.Release|Any CPU.Build.0 = Release|Any CPU
	EndGlobalSection
	GlobalSection(SolutionProperties) = preSolution
		HideSolutionNode = FALSE
	EndGlobalSection
	GlobalSection(ExtensibilityGlobals) = postSolution
		SolutionGuid = {D3F84191-6EEE-4665-A73B-53F204255DC3}
	EndGlobalSection
EndGlobal
